Microsoft Visual Studio Solution File, Format Version 12.00
# Visual Studio Version 17
VisualStudioVersion = 17.0.31903.59
MinimumVisualStudioVersion = 10.0.40219.1
Project("{FAE04EC0-301F-11D3-BF4B-00C04F79EFBC}") = "MineDeck", "src\MineDeck\MineDeck.csproj", "{6F9F83EC-DCDB-46FB-86F5-70D01A668B50}"
EndProject
Project("{FAE04EC0-301F-11D3-BF4B-00C04F79EFBC}") = "MineDeck.Tests", "tests\MineDeck.Tests\MineDeck.Tests.csproj", "{4B8A9EAF-EEA5-4F73-B76F-5E41349B63D7}"
EndProject
Project("{FAE04EC0-301F-11D3-BF4B-00C04F79EFBC}") = "MineDeck.PasswordTool", "tools\MineDeck.PasswordTool\MineDeck.PasswordTool.csproj", "{89824C82-8D92-4A7B-A4EA-7A7963E3C0CF}"
EndProject
Global
	GlobalSection(SolutionConfigurationPlatforms) = preSolution
		Debug|Any CPU = Debug|Any CPU
		Release|Any CPU = Release|Any CPU
	EndGlobalSection
	GlobalSection(ProjectConfigurationPlatforms) = postSolution
		{6F9F83EC-DCDB-46FB-86F5-70D01A668B50}.Debug|Any CPU.ActiveCfg = Debug|Any CPU
		{6F9F83EC-DCDB-46FB-86F5-70D01A668B50}.Debug|Any CPU.Build.0 = Debug|Any CPU
		{6F9F83EC-DCDB-46FB-86F5-70D01A668B50}.Release|Any CPU.ActiveCfg = Release|Any CPU
		{6F9F83EC-DCDB-46FB-86F5-70D01A668B50}.Release|Any CPU.Build.0 = Release|Any CPU
		{4B8A9EAF-EEA5-4F73-B76F-5E41349B63D7}.Debug|Any CPU.ActiveCfg = Debug|Any CPU
		{4B8A9EAF-EEA5-4F73-B76F-5E41349B63D7}.Debug|Any CPU.Build.0 = Debug|Any CPU
		{4B8A9EAF-EEA5-4F73-B76F-5E41349B63D7}.Release|Any CPU.ActiveCfg = Release|Any CPU
		{4B8A9EAF-EEA5-4F73-B76F-5E41349B63D7}.Release|Any CPU.Build.0 = Release|Any CPU
		{89824C82-8D92-4A7B-A4EA-7A7963E3C0CF}.Debug|Any CPU.ActiveCfg = Debug|Any CPU
		{89824C82-8D92-4A7B-A4EA-7A7963E3C0CF}.Debug|Any CPU.Build.0 = Debug|Any CPU
		{89824C82-8D92-4A7B-A4EA-7A7963E3C0CF}.Release|Any CPU.ActiveCfg = Release|Any CPU
		{89824C82-8D92-4A7B-A4EA-7A7963E3C0CF}.Release|Any CPU.Build.0 = Release|Any CPU
	EndGlobalSection
EndGlobal
